PODS:
  - AwesomeEnum (1.3.0)
  - Presentables (0.6.7)

DEPENDENCIES:
  - AwesomeEnum
  - Presentables (~> 0.6.7)

SPEC REPOS:
  https://github.com/cocoapods/specs.git:
    - AwesomeEnum
    - Presentables

SPEC CHECKSUMS:
  AwesomeEnum: eb858cdc9f03f2af760e3fe12cfe607432b38343
  Presentables: e20dc46cdb8a83dd8473c584e146c953ac5e9c94

PODFILE CHECKSUM: 5c61528e3079971ab4f47674efc2237f73093077

COCOAPODS: 1.5.3
