PODS:
  - AwesomeEnum (1.2.0)
  - Presentables (0.6.7)

DEPENDENCIES:
  - AwesomeEnum
  - Presentables (~> 0.6.7)

SPEC REPOS:
  https://github.com/cocoapods/specs.git:
    - AwesomeEnum
    - Presentables

SPEC CHECKSUMS:
  AwesomeEnum: fe633a08020f92ab57277956c1df4d52fbfa27e0
  Presentables: e20dc46cdb8a83dd8473c584e146c953ac5e9c94

PODFILE CHECKSUM: 5c61528e3079971ab4f47674efc2237f73093077

COCOAPODS: 1.5.3
