PODS:
  - Presentables (0.6.7)

DEPENDENCIES:
  - Presentables (~> 0.6.7)

SPEC REPOS:
  https://github.com/cocoapods/specs.git:
    - Presentables

SPEC CHECKSUMS:
  Presentables: e20dc46cdb8a83dd8473c584e146c953ac5e9c94

PODFILE CHECKSUM: 8e0e4487140d4934d666f3cc6c6e07ad7ec56d90

COCOAPODS: 1.5.3
