// !$*UTF8*$!
{
	archiveVersion = 1;
	classes = {
	};
	objectVersion = 50;
	objects = {

/* Begin PBXBuildFile section */
		15A1173420C728DD00CE4263 /* NavigationViewController.h in Headers */ = {isa = PBXBuildFile; fileRef = 15A1173220C728DD00CE4263 /* NavigationViewController.h */; settings = {ATTRIBUTES = (Public, ); }; };
		15A1174120C7292D00CE4263 /* AppDelegate.swift in Sources */ = {isa = PBXBuildFile; fileRef = 15A1174020C7292D00CE4263 /* AppDelegate.swift */; };
		15A1174320C7292D00CE4263 /* ViewController.swift in Sources */ = {isa = PBXBuildFile; fileRef = 15A1174220C7292D00CE4263 /* ViewController.swift */; };
		15A1174820C7292F00CE4263 /* Assets.xcassets in Resources */ = {isa = PBXBuildFile; fileRef = 15A1174720C7292F00CE4263 /* Assets.xcassets */; };
		15A1174B20C7292F00CE4263 /* LaunchScreen.storyboard in Resources */ = {isa = PBXBuildFile; fileRef = 15A1174920C7292F00CE4263 /* LaunchScreen.storyboard */; };
		15A1175420C729D500CE4263 /* NavigationViewController.swift in Sources */ = {isa = PBXBuildFile; fileRef = 15A1175320C729D500CE4263 /* NavigationViewController.swift */; };
		15A1175520C72A6000CE4263 /* Navigo.framework in Frameworks */ = {isa = PBXBuildFile; fileRef = 15A1172F20C728DD00CE4263 /* Navigo.framework */; };
		15A1175620C72A6000CE4263 /* Navigo.framework in Embed Frameworks */ = {isa = PBXBuildFile; fileRef = 15A1172F20C728DD00CE4263 /* Navigo.framework */; settings = {ATTRIBUTES = (CodeSignOnCopy, RemoveHeadersOnCopy, ); }; };
		15A1175C20C72CB900CE4263 /* NavigationViewController+Stack.swift in Sources */ = {isa = PBXBuildFile; fileRef = 15A1175B20C72CB900CE4263 /* NavigationViewController+Stack.swift */; };
		15A1175E20C72D0900CE4263 /* NavigationViewController+Push.swift in Sources */ = {isa = PBXBuildFile; fileRef = 15A1175D20C72D0900CE4263 /* NavigationViewController+Push.swift */; };
		15A1176020C72D6500CE4263 /* UIViewController+Access.swift in Sources */ = {isa = PBXBuildFile; fileRef = 15A1175F20C72D6500CE4263 /* UIViewController+Access.swift */; };
		15A1176320C7354200CE4263 /* NavigationViewController+Pop.swift in Sources */ = {isa = PBXBuildFile; fileRef = 15A1176220C7354200CE4263 /* NavigationViewController+Pop.swift */; };
		15A1176620C73CBF00CE4263 /* NavigationBar.swift in Sources */ = {isa = PBXBuildFile; fileRef = 15A1176520C73CBF00CE4263 /* NavigationBar.swift */; };
		15A1176920C73D0B00CE4263 /* NavigationManager.swift in Sources */ = {isa = PBXBuildFile; fileRef = 15A1176820C73D0B00CE4263 /* NavigationManager.swift */; };
		15A1176B20C73F4C00CE4263 /* NavigationViewController+Disabled.swift in Sources */ = {isa = PBXBuildFile; fileRef = 15A1176A20C73F4C00CE4263 /* NavigationViewController+Disabled.swift */; };
		15A1176D20C7483400CE4263 /* BackArrow.swift in Sources */ = {isa = PBXBuildFile; fileRef = 15A1176C20C7483400CE4263 /* BackArrow.swift */; };
		15A1176F20C7E1E700CE4263 /* NavigationViewController+Children.swift in Sources */ = {isa = PBXBuildFile; fileRef = 15A1176E20C7E1E700CE4263 /* NavigationViewController+Children.swift */; };
		15A1177220C7E2DA00CE4263 /* UIColor+Tools.swift in Sources */ = {isa = PBXBuildFile; fileRef = 15A1177120C7E2DA00CE4263 /* UIColor+Tools.swift */; };
		15A1177420C7E79900CE4263 /* Animation.swift in Sources */ = {isa = PBXBuildFile; fileRef = 15A1177320C7E79900CE4263 /* Animation.swift */; };
		15A1182420C7EB5900CE4263 /* NavigationViewController+Managers.swift in Sources */ = {isa = PBXBuildFile; fileRef = 15A1182320C7EB5900CE4263 /* NavigationViewController+Managers.swift */; };
		15A1182620C7EC5500CE4263 /* NavigationViewController+Animations.swift in Sources */ = {isa = PBXBuildFile; fileRef = 15A1182520C7EC5500CE4263 /* NavigationViewController+Animations.swift */; };
		15A1182820C7F08E00CE4263 /* UIView+Autolayout.swift in Sources */ = {isa = PBXBuildFile; fileRef = 15A1182720C7F08E00CE4263 /* UIView+Autolayout.swift */; };
		22B30F04987D0F4456D80356 /* Pods_NavCon.framework in Frameworks */ = {isa = PBXBuildFile; fileRef = BAC8BB8931F51D6E586D0C33 /* Pods_NavCon.framework */; };
/* End PBXBuildFile section */

/* Begin PBXContainerItemProxy section */
		15A1175720C72A6000CE4263 /* PBXContainerItemProxy */ = {
			isa = PBXContainerItemProxy;
			containerPortal = 15A1172620C728DD00CE4263 /* Project object */;
			proxyType = 1;
			remoteGlobalIDString = 15A1172E20C728DD00CE4263;
			remoteInfo = Navigo;
		};
/* End PBXContainerItemProxy section */

/* Begin PBXCopyFilesBuildPhase section */
		15A1175920C72A6000CE4263 /* Embed Frameworks */ = {
			isa = PBXCopyFilesBuildPhase;
			buildActionMask = 2147483647;
			dstPath = "";
			dstSubfolderSpec = 10;
			files = (
				15A1175620C72A6000CE4263 /* Navigo.framework in Embed Frameworks */,
			);
			name = "Embed Frameworks";
			runOnlyForDeploymentPostprocessing = 0;
		};
/* End PBXCopyFilesBuildPhase section */

/* Begin PBXFileReference section */
		0E0F41C2D38CE15DAF4E53D4 /* Pods-NavCon.release.xcconfig */ = {isa = PBXFileReference; includeInIndex = 1; lastKnownFileType = text.xcconfig; name = "Pods-NavCon.release.xcconfig"; path = "Pods/Target Support Files/Pods-NavCon/Pods-NavCon.release.xcconfig"; sourceTree = "<group>"; };
		15A1172F20C728DD00CE4263 /* Navigo.framework */ = {isa = PBXFileReference; explicitFileType = wrapper.framework; includeInIndex = 0; path = Navigo.framework; sourceTree = BUILT_PRODUCTS_DIR; };
		15A1173220C728DD00CE4263 /* NavigationViewController.h */ = {isa = PBXFileReference; lastKnownFileType = sourcecode.c.h; path = NavigationViewController.h; sourceTree = "<group>"; };
		15A1173320C728DD00CE4263 /* Info.plist */ = {isa = PBXFileReference; lastKnownFileType = text.plist.xml; path = Info.plist; sourceTree = "<group>"; };
		15A1173E20C7292D00CE4263 /* Navigation.app */ = {isa = PBXFileReference; explicitFileType = wrapper.application; includeInIndex = 0; path = Navigation.app; sourceTree = BUILT_PRODUCTS_DIR; };
		15A1174020C7292D00CE4263 /* AppDelegate.swift */ = {isa = PBXFileReference; lastKnownFileType = sourcecode.swift; path = AppDelegate.swift; sourceTree = "<group>"; };
		15A1174220C7292D00CE4263 /* ViewController.swift */ = {isa = PBXFileReference; lastKnownFileType = sourcecode.swift; path = ViewController.swift; sourceTree = "<group>"; };
		15A1174720C7292F00CE4263 /* Assets.xcassets */ = {isa = PBXFileReference; lastKnownFileType = folder.assetcatalog; path = Assets.xcassets; sourceTree = "<group>"; };
		15A1174A20C7292F00CE4263 /* Base */ = {isa = PBXFileReference; lastKnownFileType = file.storyboard; name = Base; path = Base.lproj/LaunchScreen.storyboard; sourceTree = "<group>"; };
		15A1174C20C7292F00CE4263 /* Info.plist */ = {isa = PBXFileReference; lastKnownFileType = text.plist.xml; path = Info.plist; sourceTree = "<group>"; };
		15A1175320C729D500CE4263 /* NavigationViewController.swift */ = {isa = PBXFileReference; lastKnownFileType = sourcecode.swift; path = NavigationViewController.swift; sourceTree = "<group>"; };
		15A1175B20C72CB900CE4263 /* NavigationViewController+Stack.swift */ = {isa = PBXFileReference; lastKnownFileType = sourcecode.swift; path = "NavigationViewController+Stack.swift"; sourceTree = "<group>"; };
		15A1175D20C72D0900CE4263 /* NavigationViewController+Push.swift */ = {isa = PBXFileReference; lastKnownFileType = sourcecode.swift; path = "NavigationViewController+Push.swift"; sourceTree = "<group>"; };
		15A1175F20C72D6500CE4263 /* UIViewController+Access.swift */ = {isa = PBXFileReference; lastKnownFileType = sourcecode.swift; path = "UIViewController+Access.swift"; sourceTree = "<group>"; };
		15A1176220C7354200CE4263 /* NavigationViewController+Pop.swift */ = {isa = PBXFileReference; lastKnownFileType = sourcecode.swift; path = "NavigationViewController+Pop.swift"; sourceTree = "<group>"; };
		15A1176520C73CBF00CE4263 /* NavigationBar.swift */ = {isa = PBXFileReference; lastKnownFileType = sourcecode.swift; path = NavigationBar.swift; sourceTree = "<group>"; };
		15A1176820C73D0B00CE4263 /* NavigationManager.swift */ = {isa = PBXFileReference; lastKnownFileType = sourcecode.swift; path = NavigationManager.swift; sourceTree = "<group>"; };
		15A1176A20C73F4C00CE4263 /* NavigationViewController+Disabled.swift */ = {isa = PBXFileReference; lastKnownFileType = sourcecode.swift; path = "NavigationViewController+Disabled.swift"; sourceTree = "<group>"; };
		15A1176C20C7483400CE4263 /* BackArrow.swift */ = {isa = PBXFileReference; lastKnownFileType = sourcecode.swift; path = BackArrow.swift; sourceTree = "<group>"; };
		15A1176E20C7E1E700CE4263 /* NavigationViewController+Children.swift */ = {isa = PBXFileReference; lastKnownFileType = sourcecode.swift; path = "NavigationViewController+Children.swift"; sourceTree = "<group>"; };
		15A1177120C7E2DA00CE4263 /* UIColor+Tools.swift */ = {isa = PBXFileReference; lastKnownFileType = sourcecode.swift; path = "UIColor+Tools.swift"; sourceTree = "<group>"; };
		15A1177320C7E79900CE4263 /* Animation.swift */ = {isa = PBXFileReference; lastKnownFileType = sourcecode.swift; path = Animation.swift; sourceTree = "<group>"; };
		15A1182320C7EB5900CE4263 /* NavigationViewController+Managers.swift */ = {isa = PBXFileReference; lastKnownFileType = sourcecode.swift; path = "NavigationViewController+Managers.swift"; sourceTree = "<group>"; };
		15A1182520C7EC5500CE4263 /* NavigationViewController+Animations.swift */ = {isa = PBXFileReference; lastKnownFileType = sourcecode.swift; path = "NavigationViewController+Animations.swift"; sourceTree = "<group>"; };
		15A1182720C7F08E00CE4263 /* UIView+Autolayout.swift */ = {isa = PBXFileReference; lastKnownFileType = sourcecode.swift; path = "UIView+Autolayout.swift"; sourceTree = "<group>"; };
		15A1182A20C81A0800CE4263 /* README.md */ = {isa = PBXFileReference; lastKnownFileType = net.daringfireball.markdown; path = README.md; sourceTree = "<group>"; };
		15A1182B20C81A0800CE4263 /* Podfile.lock */ = {isa = PBXFileReference; lastKnownFileType = text; path = Podfile.lock; sourceTree = "<group>"; };
		15A1182C20C81A0800CE4263 /* Podfile */ = {isa = PBXFileReference; lastKnownFileType = text; path = Podfile; sourceTree = "<group>"; xcLanguageSpecificationIdentifier = xcode.lang.ruby; };
		15A1182D20C81A0800CE4263 /* LICENSE */ = {isa = PBXFileReference; lastKnownFileType = text; path = LICENSE; sourceTree = "<group>"; };
		484691D076CA1EA3E421D5A8 /* Pods-NavCon.debug.xcconfig */ = {isa = PBXFileReference; includeInIndex = 1; lastKnownFileType = text.xcconfig; name = "Pods-NavCon.debug.xcconfig"; path = "Pods/Target Support Files/Pods-NavCon/Pods-NavCon.debug.xcconfig"; sourceTree = "<group>"; };
		BAC8BB8931F51D6E586D0C33 /* Pods_NavCon.framework */ = {isa = PBXFileReference; explicitFileType = wrapper.framework; includeInIndex = 0; path = Pods_NavCon.framework; sourceTree = BUILT_PRODUCTS_DIR; };
/* End PBXFileReference section */

/* Begin PBXFrameworksBuildPhase section */
		15A1172C20C728DD00CE4263 /* Frameworks */ = {
			isa = PBXFrameworksBuildPhase;
			buildActionMask = 2147483647;
			files = (
			);
			runOnlyForDeploymentPostprocessing = 0;
		};
		15A1173B20C7292D00CE4263 /* Frameworks */ = {
			isa = PBXFrameworksBuildPhase;
			buildActionMask = 2147483647;
			files = (
				15A1175520C72A6000CE4263 /* Navigo.framework in Frameworks */,
				22B30F04987D0F4456D80356 /* Pods_NavCon.framework in Frameworks */,
			);
			runOnlyForDeploymentPostprocessing = 0;
		};
/* End PBXFrameworksBuildPhase section */

/* Begin PBXGroup section */
		0FF3C36799383BCC4F9F5E0B /* Frameworks */ = {
			isa = PBXGroup;
			children = (
				BAC8BB8931F51D6E586D0C33 /* Pods_NavCon.framework */,
			);
			name = Frameworks;
			sourceTree = "<group>";
		};
		15A1172520C728DD00CE4263 = {
			isa = PBXGroup;
			children = (
				15A1182920C819F400CE4263 /* Configuration */,
				15A1173F20C7292D00CE4263 /* Demo */,
				15A1173120C728DD00CE4263 /* Navigo */,
				15A1173020C728DD00CE4263 /* Products */,
				25D97EA597B488B0FDEDB85B /* Pods */,
				0FF3C36799383BCC4F9F5E0B /* Frameworks */,
			);
			sourceTree = "<group>";
		};
		15A1173020C728DD00CE4263 /* Products */ = {
			isa = PBXGroup;
			children = (
				15A1172F20C728DD00CE4263 /* Navigo.framework */,
				15A1173E20C7292D00CE4263 /* Navigation.app */,
			);
			name = Products;
			sourceTree = "<group>";
		};
		15A1173120C728DD00CE4263 /* Navigo */ = {
			isa = PBXGroup;
			children = (
				15A1176720C73CF900CE4263 /* Libs */,
				15A1176420C73CAE00CE4263 /* Views */,
				15A1175A20C72CA300CE4263 /* Extensions */,
				15A1175220C729B900CE4263 /* View controllers */,
				15A1175120C7294F00CE4263 /* Supporting files */,
			);
			path = Navigo;
			sourceTree = "<group>";
		};
		15A1173F20C7292D00CE4263 /* Demo */ = {
			isa = PBXGroup;
			children = (
				15A1177020C7E2CB00CE4263 /* Extensions */,
				15A1176120C72FC500CE4263 /* View controller */,
				15A1175020C7293D00CE4263 /* Supporting files */,
				15A1174020C7292D00CE4263 /* AppDelegate.swift */,
			);
			path = Demo;
			sourceTree = "<group>";
		};
		15A1175020C7293D00CE4263 /* Supporting files */ = {
			isa = PBXGroup;
			children = (
				15A1174720C7292F00CE4263 /* Assets.xcassets */,
				15A1174920C7292F00CE4263 /* LaunchScreen.storyboard */,
				15A1174C20C7292F00CE4263 /* Info.plist */,
			);
			path = "Supporting files";
			sourceTree = "<group>";
		};
		15A1175120C7294F00CE4263 /* Supporting files */ = {
			isa = PBXGroup;
			children = (
				15A1173220C728DD00CE4263 /* NavigationViewController.h */,
				15A1173320C728DD00CE4263 /* Info.plist */,
			);
			path = "Supporting files";
			sourceTree = "<group>";
		};
		15A1175220C729B900CE4263 /* View controllers */ = {
			isa = PBXGroup;
			children = (
				15A1175320C729D500CE4263 /* NavigationViewController.swift */,
			);
			path = "View controllers";
			sourceTree = "<group>";
		};
		15A1175A20C72CA300CE4263 /* Extensions */ = {
			isa = PBXGroup;
			children = (
				15A1182720C7F08E00CE4263 /* UIView+Autolayout.swift */,
				15A1182520C7EC5500CE4263 /* NavigationViewController+Animations.swift */,
				15A1182320C7EB5900CE4263 /* NavigationViewController+Managers.swift */,
				15A1176E20C7E1E700CE4263 /* NavigationViewController+Children.swift */,
				15A1176A20C73F4C00CE4263 /* NavigationViewController+Disabled.swift */,
				15A1175B20C72CB900CE4263 /* NavigationViewController+Stack.swift */,
				15A1175D20C72D0900CE4263 /* NavigationViewController+Push.swift */,
				15A1176220C7354200CE4263 /* NavigationViewController+Pop.swift */,
				15A1175F20C72D6500CE4263 /* UIViewController+Access.swift */,
			);
			path = Extensions;
			sourceTree = "<group>";
		};
		15A1176120C72FC500CE4263 /* View controller */ = {
			isa = PBXGroup;
			children = (
				15A1174220C7292D00CE4263 /* ViewController.swift */,
			);
			path = "View controller";
			sourceTree = "<group>";
		};
		15A1176420C73CAE00CE4263 /* Views */ = {
			isa = PBXGroup;
			children = (
				15A1176520C73CBF00CE4263 /* NavigationBar.swift */,
				15A1176C20C7483400CE4263 /* BackArrow.swift */,
			);
			path = Views;
			sourceTree = "<group>";
		};
		15A1176720C73CF900CE4263 /* Libs */ = {
			isa = PBXGroup;
			children = (
				15A1176820C73D0B00CE4263 /* NavigationManager.swift */,
				15A1177320C7E79900CE4263 /* Animation.swift */,
			);
			path = Libs;
			sourceTree = "<group>";
		};
		15A1177020C7E2CB00CE4263 /* Extensions */ = {
			isa = PBXGroup;
			children = (
				15A1177120C7E2DA00CE4263 /* UIColor+Tools.swift */,
			);
			path = Extensions;
			sourceTree = "<group>";
		};
		15A1182920C819F400CE4263 /* Configuration */ = {
			isa = PBXGroup;
			children = (
				15A1182A20C81A0800CE4263 /* README.md */,
				15A1182D20C81A0800CE4263 /* LICENSE */,
				15A1182C20C81A0800CE4263 /* Podfile */,
				15A1182B20C81A0800CE4263 /* Podfile.lock */,
			);
			name = Configuration;
			sourceTree = "<group>";
		};
		25D97EA597B488B0FDEDB85B /* Pods */ = {
			isa = PBXGroup;
			children = (
				484691D076CA1EA3E421D5A8 /* Pods-NavCon.debug.xcconfig */,
				0E0F41C2D38CE15DAF4E53D4 /* Pods-NavCon.release.xcconfig */,
			);
			name = Pods;
			sourceTree = "<group>";
		};
/* End PBXGroup section */

/* Begin PBXHeadersBuildPhase section */
		15A1172A20C728DD00CE4263 /* Headers */ = {
			isa = PBXHeadersBuildPhase;
			buildActionMask = 2147483647;
			files = (
				15A1173420C728DD00CE4263 /* NavigationViewController.h in Headers */,
			);
			runOnlyForDeploymentPostprocessing = 0;
		};
/* End PBXHeadersBuildPhase section */

/* Begin PBXNativeTarget section */
		15A1172E20C728DD00CE4263 /* Navigo */ = {
			isa = PBXNativeTarget;
			buildConfigurationList = 15A1173720C728DD00CE4263 /* Build configuration list for PBXNativeTarget "Navigo" */;
			buildPhases = (
				15A1172A20C728DD00CE4263 /* Headers */,
				15A1172B20C728DD00CE4263 /* Sources */,
				15A1172C20C728DD00CE4263 /* Frameworks */,
				15A1172D20C728DD00CE4263 /* Resources */,
			);
			buildRules = (
			);
			dependencies = (
			);
			name = Navigo;
			productName = NavigationViewController;
			productReference = 15A1172F20C728DD00CE4263 /* Navigo.framework */;
			productType = "com.apple.product-type.framework";
		};
		15A1173D20C7292D00CE4263 /* Demo */ = {
			isa = PBXNativeTarget;
			buildConfigurationList = 15A1174D20C7292F00CE4263 /* Build configuration list for PBXNativeTarget "Demo" */;
			buildPhases = (
				7F19C867470CBA89C3A67288 /* [CP] Check Pods Manifest.lock */,
				15A1173A20C7292D00CE4263 /* Sources */,
				15A1173B20C7292D00CE4263 /* Frameworks */,
				15A1173C20C7292D00CE4263 /* Resources */,
				15A1175920C72A6000CE4263 /* Embed Frameworks */,
				17B4F0A4DCD176B73F28485F /* [CP] Embed Pods Frameworks */,
			);
			buildRules = (
			);
			dependencies = (
				15A1175820C72A6000CE4263 /* PBXTargetDependency */,
			);
			name = Demo;
			productName = NavCon;
			productReference = 15A1173E20C7292D00CE4263 /* Navigation.app */;
			productType = "com.apple.product-type.application";
		};
/* End PBXNativeTarget section */

/* Begin PBXProject section */
		15A1172620C728DD00CE4263 /* Project object */ = {
			isa = PBXProject;
			attributes = {
				LastSwiftUpdateCheck = 1000;
				LastUpgradeCheck = 1000;
				ORGANIZATIONNAME = LiveUI;
				TargetAttributes = {
					15A1172E20C728DD00CE4263 = {
						CreatedOnToolsVersion = 10.0;
						LastSwiftMigration = 1000;
					};
					15A1173D20C7292D00CE4263 = {
						CreatedOnToolsVersion = 10.0;
					};
				};
			};
			buildConfigurationList = 15A1172920C728DD00CE4263 /* Build configuration list for PBXProject "Navigo" */;
			compatibilityVersion = "Xcode 9.3";
			developmentRegion = en;
			hasScannedForEncodings = 0;
			knownRegions = (
				en,
				Base,
			);
			mainGroup = 15A1172520C728DD00CE4263;
			productRefGroup = 15A1173020C728DD00CE4263 /* Products */;
			projectDirPath = "";
			projectRoot = "";
			targets = (
				15A1173D20C7292D00CE4263 /* Demo */,
				15A1172E20C728DD00CE4263 /* Navigo */,
			);
		};
/* End PBXProject section */

/* Begin PBXResourcesBuildPhase section */
		15A1172D20C728DD00CE4263 /* Resources */ = {
			isa = PBXResourcesBuildPhase;
			buildActionMask = 2147483647;
			files = (
			);
			runOnlyForDeploymentPostprocessing = 0;
		};
		15A1173C20C7292D00CE4263 /* Resources */ = {
			isa = PBXResourcesBuildPhase;
			buildActionMask = 2147483647;
			files = (
				15A1174B20C7292F00CE4263 /* LaunchScreen.storyboard in Resources */,
				15A1174820C7292F00CE4263 /* Assets.xcassets in Resources */,
			);
			runOnlyForDeploymentPostprocessing = 0;
		};
/* End PBXResourcesBuildPhase section */

/* Begin PBXShellScriptBuildPhase section */
		17B4F0A4DCD176B73F28485F /* [CP] Embed Pods Frameworks */ = {
			isa = PBXShellScriptBuildPhase;
			buildActionMask = 2147483647;
			files = (
			);
			inputPaths = (
				"${SRCROOT}/Pods/Target Support Files/Pods-NavCon/Pods-NavCon-frameworks.sh",
				"${BUILT_PRODUCTS_DIR}/Presentables/Presentables.framework",
			);
			name = "[CP] Embed Pods Frameworks";
			outputPaths = (
				"${TARGET_BUILD_DIR}/${FRAMEWORKS_FOLDER_PATH}/Presentables.framework",
			);
			runOnlyForDeploymentPostprocessing = 0;
			shellPath = /bin/sh;
			shellScript = "\"${SRCROOT}/Pods/Target Support Files/Pods-NavCon/Pods-NavCon-frameworks.sh\"\n";
			showEnvVarsInLog = 0;
		};
		7F19C867470CBA89C3A67288 /* [CP] Check Pods Manifest.lock */ = {
			isa = PBXShellScriptBuildPhase;
			buildActionMask = 2147483647;
			files = (
			);
			inputPaths = (
				"${PODS_PODFILE_DIR_PATH}/Podfile.lock",
				"${PODS_ROOT}/Manifest.lock",
			);
			name = "[CP] Check Pods Manifest.lock";
			outputPaths = (
				"$(DERIVED_FILE_DIR)/Pods-NavCon-checkManifestLockResult.txt",
			);
			runOnlyForDeploymentPostprocessing = 0;
			shellPath = /bin/sh;
			shellScript = "diff \"${PODS_PODFILE_DIR_PATH}/Podfile.lock\" \"${PODS_ROOT}/Manifest.lock\" > /dev/null\nif [ $? != 0 ] ; then\n    # print error to STDERR\n    echo \"error: The sandbox is not in sync with the Podfile.lock. Run 'pod install' or update your CocoaPods installation.\" >&2\n    exit 1\nfi\n# This output is used by Xcode 'outputs' to avoid re-running this script phase.\necho \"SUCCESS\" > \"${SCRIPT_OUTPUT_FILE_0}\"\n";
			showEnvVarsInLog = 0;
		};
/* End PBXShellScriptBuildPhase section */

/* Begin PBXSourcesBuildPhase section */
		15A1172B20C728DD00CE4263 /* Sources */ = {
			isa = PBXSourcesBuildPhase;
			buildActionMask = 2147483647;
			files = (
				15A1177420C7E79900CE4263 /* Animation.swift in Sources */,
				15A1182820C7F08E00CE4263 /* UIView+Autolayout.swift in Sources */,
				15A1176020C72D6500CE4263 /* UIViewController+Access.swift in Sources */,
				15A1175420C729D500CE4263 /* NavigationViewController.swift in Sources */,
				15A1176920C73D0B00CE4263 /* NavigationManager.swift in Sources */,
				15A1176F20C7E1E700CE4263 /* NavigationViewController+Children.swift in Sources */,
				15A1176D20C7483400CE4263 /* BackArrow.swift in Sources */,
				15A1182420C7EB5900CE4263 /* NavigationViewController+Managers.swift in Sources */,
				15A1176320C7354200CE4263 /* NavigationViewController+Pop.swift in Sources */,
				15A1176B20C73F4C00CE4263 /* NavigationViewController+Disabled.swift in Sources */,
				15A1175C20C72CB900CE4263 /* NavigationViewController+Stack.swift in Sources */,
				15A1175E20C72D0900CE4263 /* NavigationViewController+Push.swift in Sources */,
				15A1176620C73CBF00CE4263 /* NavigationBar.swift in Sources */,
				15A1182620C7EC5500CE4263 /* NavigationViewController+Animations.swift in Sources */,
			);
			runOnlyForDeploymentPostprocessing = 0;
		};
		15A1173A20C7292D00CE4263 /* Sources */ = {
			isa = PBXSourcesBuildPhase;
			buildActionMask = 2147483647;
			files = (
				15A1177220C7E2DA00CE4263 /* UIColor+Tools.swift in Sources */,
				15A1174320C7292D00CE4263 /* ViewController.swift in Sources */,
				15A1174120C7292D00CE4263 /* AppDelegate.swift in Sources */,
			);
			runOnlyForDeploymentPostprocessing = 0;
		};
/* End PBXSourcesBuildPhase section */

/* Begin PBXTargetDependency section */
		15A1175820C72A6000CE4263 /* PBXTargetDependency */ = {
			isa = PBXTargetDependency;
			target = 15A1172E20C728DD00CE4263 /* Navigo */;
			targetProxy = 15A1175720C72A6000CE4263 /* PBXContainerItemProxy */;
		};
/* End PBXTargetDependency section */

/* Begin PBXVariantGroup section */
		15A1174920C7292F00CE4263 /* LaunchScreen.storyboard */ = {
			isa = PBXVariantGroup;
			children = (
				15A1174A20C7292F00CE4263 /* Base */,
			);
			name = LaunchScreen.storyboard;
			sourceTree = "<group>";
		};
/* End PBXVariantGroup section */

/* Begin XCBuildConfiguration section */
		15A1173520C728DD00CE4263 /* Debug */ = {
			isa = XCBuildConfiguration;
			buildSettings = {
				ALWAYS_SEARCH_USER_PATHS = NO;
				CLANG_ANALYZER_NONNULL = YES;
				CLANG_ANALYZER_NUMBER_OBJECT_CONVERSION = YES_AGGRESSIVE;
				CLANG_CXX_LANGUAGE_STANDARD = "gnu++14";
				CLANG_CXX_LIBRARY = "libc++";
				CLANG_ENABLE_MODULES = YES;
				CLANG_ENABLE_OBJC_ARC = YES;
				CLANG_ENABLE_OBJC_WEAK = YES;
				CLANG_WARN_BLOCK_CAPTURE_AUTORELEASING = YES;
				CLANG_WARN_BOOL_CONVERSION = YES;
				CLANG_WARN_COMMA = YES;
				CLANG_WARN_CONSTANT_CONVERSION = YES;
				CLANG_WARN_DEPRECATED_OBJC_IMPLEMENTATIONS = YES;
				CLANG_WARN_DIRECT_OBJC_ISA_USAGE = YES_ERROR;
				CLANG_WARN_DOCUMENTATION_COMMENTS = YES;
				CLANG_WARN_EMPTY_BODY = YES;
				CLANG_WARN_ENUM_CONVERSION = YES;
				CLANG_WARN_INFINITE_RECURSION = YES;
				CLANG_WARN_INT_CONVERSION = YES;
				CLANG_WARN_NON_LITERAL_NULL_CONVERSION = YES;
				CLANG_WARN_OBJC_IMPLICIT_RETAIN_SELF = YES;
				CLANG_WARN_OBJC_LITERAL_CONVERSION = YES;
				CLANG_WARN_OBJC_ROOT_CLASS = YES_ERROR;
				CLANG_WARN_RANGE_LOOP_ANALYSIS = YES;
				CLANG_WARN_STRICT_PROTOTYPES = YES;
				CLANG_WARN_SUSPICIOUS_MOVE = YES;
				CLANG_WARN_UNGUARDED_AVAILABILITY = YES_AGGRESSIVE;
				CLANG_WARN_UNREACHABLE_CODE = YES;
				CLANG_WARN__DUPLICATE_METHOD_MATCH = YES;
				CODE_SIGN_IDENTITY = "iPhone Developer";
				COPY_PHASE_STRIP = NO;
				CURRENT_PROJECT_VERSION = 1;
				DEBUG_INFORMATION_FORMAT = dwarf;
				ENABLE_STRICT_OBJC_MSGSEND = YES;
				ENABLE_TESTABILITY = YES;
				GCC_C_LANGUAGE_STANDARD = gnu11;
				GCC_DYNAMIC_NO_PIC = NO;
				GCC_NO_COMMON_BLOCKS = YES;
				GCC_OPTIMIZATION_LEVEL = 0;
				GCC_PREPROCESSOR_DEFINITIONS = (
					"DEBUG=1",
					"$(inherited)",
				);
				GCC_WARN_64_TO_32_BIT_CONVERSION = YES;
				GCC_WARN_ABOUT_RETURN_TYPE = YES_ERROR;
				GCC_WARN_UNDECLARED_SELECTOR = YES;
				GCC_WARN_UNINITIALIZED_AUTOS = YES_AGGRESSIVE;
				GCC_WARN_UNUSED_FUNCTION = YES;
				GCC_WARN_UNUSED_VARIABLE = YES;
				IPHONEOS_DEPLOYMENT_TARGET = 10.3;
				MTL_ENABLE_DEBUG_INFO = INCLUDE_SOURCE;
				ONLY_ACTIVE_ARCH = YES;
				SDKROOT = iphoneos;
				SWIFT_ACTIVE_COMPILATION_CONDITIONS = DEBUG;
				SWIFT_OPTIMIZATION_LEVEL = "-Onone";
				SWIFT_VERSION = 4.0;
				VERSIONING_SYSTEM = "apple-generic";
				VERSION_INFO_PREFIX = "";
			};
			name = Debug;
		};
		15A1173620C728DD00CE4263 /* Release */ = {
			isa = XCBuildConfiguration;
			buildSettings = {
				ALWAYS_SEARCH_USER_PATHS = NO;
				CLANG_ANALYZER_NONNULL = YES;
				CLANG_ANALYZER_NUMBER_OBJECT_CONVERSION = YES_AGGRESSIVE;
				CLANG_CXX_LANGUAGE_STANDARD = "gnu++14";
				CLANG_CXX_LIBRARY = "libc++";
				CLANG_ENABLE_MODULES = YES;
				CLANG_ENABLE_OBJC_ARC = YES;
				CLANG_ENABLE_OBJC_WEAK = YES;
				CLANG_WARN_BLOCK_CAPTURE_AUTORELEASING = YES;
				CLANG_WARN_BOOL_CONVERSION = YES;
				CLANG_WARN_COMMA = YES;
				CLANG_WARN_CONSTANT_CONVERSION = YES;
				CLANG_WARN_DEPRECATED_OBJC_IMPLEMENTATIONS = YES;
				CLANG_WARN_DIRECT_OBJC_ISA_USAGE = YES_ERROR;
				CLANG_WARN_DOCUMENTATION_COMMENTS = YES;
				CLANG_WARN_EMPTY_BODY = YES;
				CLANG_WARN_ENUM_CONVERSION = YES;
				CLANG_WARN_INFINITE_RECURSION = YES;
				CLANG_WARN_INT_CONVERSION = YES;
				CLANG_WARN_NON_LITERAL_NULL_CONVERSION = YES;
				CLANG_WARN_OBJC_IMPLICIT_RETAIN_SELF = YES;
				CLANG_WARN_OBJC_LITERAL_CONVERSION = YES;
				CLANG_WARN_OBJC_ROOT_CLASS = YES_ERROR;
				CLANG_WARN_RANGE_LOOP_ANALYSIS = YES;
				CLANG_WARN_STRICT_PROTOTYPES = YES;
				CLANG_WARN_SUSPICIOUS_MOVE = YES;
				CLANG_WARN_UNGUARDED_AVAILABILITY = YES_AGGRESSIVE;
				CLANG_WARN_UNREACHABLE_CODE = YES;
				CLANG_WARN__DUPLICATE_METHOD_MATCH = YES;
				CODE_SIGN_IDENTITY = "iPhone Developer";
				COPY_PHASE_STRIP = NO;
				CURRENT_PROJECT_VERSION = 1;
				DEBUG_INFORMATION_FORMAT = "dwarf-with-dsym";
				ENABLE_NS_ASSERTIONS = NO;
				ENABLE_STRICT_OBJC_MSGSEND = YES;
				GCC_C_LANGUAGE_STANDARD = gnu11;
				GCC_NO_COMMON_BLOCKS = YES;
				GCC_WARN_64_TO_32_BIT_CONVERSION = YES;
				GCC_WARN_ABOUT_RETURN_TYPE = YES_ERROR;
				GCC_WARN_UNDECLARED_SELECTOR = YES;
				GCC_WARN_UNINITIALIZED_AUTOS = YES_AGGRESSIVE;
				GCC_WARN_UNUSED_FUNCTION = YES;
				GCC_WARN_UNUSED_VARIABLE = YES;
				IPHONEOS_DEPLOYMENT_TARGET = 10.3;
				MTL_ENABLE_DEBUG_INFO = NO;
				SDKROOT = iphoneos;
				SWIFT_COMPILATION_MODE = wholemodule;
				SWIFT_OPTIMIZATION_LEVEL = "-O";
				SWIFT_VERSION = 4.0;
				VALIDATE_PRODUCT = YES;
				VERSIONING_SYSTEM = "apple-generic";
				VERSION_INFO_PREFIX = "";
			};
			name = Release;
		};
		15A1173820C728DD00CE4263 /* Debug */ = {
			isa = XCBuildConfiguration;
			buildSettings = {
				CLANG_ENABLE_MODULES = YES;
				CODE_SIGN_IDENTITY = "";
				CODE_SIGN_STYLE = Automatic;
				DEFINES_MODULE = YES;
				DYLIB_COMPATIBILITY_VERSION = 1;
				DYLIB_CURRENT_VERSION = 1;
				DYLIB_INSTALL_NAME_BASE = "@rpath";
				INFOPLIST_FILE = "Navigo/Supporting files/Info.plist";
				INSTALL_PATH = "$(LOCAL_LIBRARY_DIR)/Frameworks";
				IPHONEOS_DEPLOYMENT_TARGET = 10.3;
				LD_RUNPATH_SEARCH_PATHS = (
					"$(inherited)",
					"@executable_path/Frameworks",
					"@loader_path/Frameworks",
				);
				PRODUCT_BUNDLE_IDENTIFIER = io.liveui.Navigo;
				PRODUCT_NAME = "$(TARGET_NAME:c99extidentifier)";
				SKIP_INSTALL = YES;
				SWIFT_OPTIMIZATION_LEVEL = "-Onone";
				TARGETED_DEVICE_FAMILY = "1,2";
			};
			name = Debug;
		};
		15A1173920C728DD00CE4263 /* Release */ = {
			isa = XCBuildConfiguration;
			buildSettings = {
				CLANG_ENABLE_MODULES = YES;
				CODE_SIGN_IDENTITY = "";
				CODE_SIGN_STYLE = Automatic;
				DEFINES_MODULE = YES;
				DYLIB_COMPATIBILITY_VERSION = 1;
				DYLIB_CURRENT_VERSION = 1;
				DYLIB_INSTALL_NAME_BASE = "@rpath";
				INFOPLIST_FILE = "Navigo/Supporting files/Info.plist";
				INSTALL_PATH = "$(LOCAL_LIBRARY_DIR)/Frameworks";
				IPHONEOS_DEPLOYMENT_TARGET = 10.3;
				LD_RUNPATH_SEARCH_PATHS = (
					"$(inherited)",
					"@executable_path/Frameworks",
					"@loader_path/Frameworks",
				);
				PRODUCT_BUNDLE_IDENTIFIER = io.liveui.Navigo;
				PRODUCT_NAME = "$(TARGET_NAME:c99extidentifier)";
				SKIP_INSTALL = YES;
				TARGETED_DEVICE_FAMILY = "1,2";
			};
			name = Release;
		};
		15A1174E20C7292F00CE4263 /* Debug */ = {
			isa = XCBuildConfiguration;
			baseConfigurationReference = 484691D076CA1EA3E421D5A8 /* Pods-NavCon.debug.xcconfig */;
			buildSettings = {
				ASSETCATALOG_COMPILER_APPICON_NAME = AppIcon;
				CODE_SIGN_STYLE = Automatic;
				DEVELOPMENT_TEAM = 3R8ZGADY96;
				INFOPLIST_FILE = "Demo/Supporting files/Info.plist";
				IPHONEOS_DEPLOYMENT_TARGET = 11.3;
				LD_RUNPATH_SEARCH_PATHS = (
					"$(inherited)",
					"@executable_path/Frameworks",
				);
				PRODUCT_BUNDLE_IDENTIFIER = io.liveui.NavCon;
				PRODUCT_NAME = Navigation;
				TARGETED_DEVICE_FAMILY = "1,2";
			};
			name = Debug;
		};
		15A1174F20C7292F00CE4263 /* Release */ = {
			isa = XCBuildConfiguration;
			baseConfigurationReference = 0E0F41C2D38CE15DAF4E53D4 /* Pods-NavCon.release.xcconfig */;
			buildSettings = {
				ASSETCATALOG_COMPILER_APPICON_NAME = AppIcon;
				CODE_SIGN_STYLE = Automatic;
				DEVELOPMENT_TEAM = 3R8ZGADY96;
				INFOPLIST_FILE = "Demo/Supporting files/Info.plist";
				IPHONEOS_DEPLOYMENT_TARGET = 11.3;
				LD_RUNPATH_SEARCH_PATHS = (
					"$(inherited)",
					"@executable_path/Frameworks",
				);
				PRODUCT_BUNDLE_IDENTIFIER = io.liveui.NavCon;
				PRODUCT_NAME = Navigation;
				TARGETED_DEVICE_FAMILY = "1,2";
			};
			name = Release;
		};
/* End XCBuildConfiguration section */

/* Begin XCConfigurationList section */
		15A1172920C728DD00CE4263 /* Build configuration list for PBXProject "Navigo" */ = {
			isa = XCConfigurationList;
			buildConfigurations = (
				15A1173520C728DD00CE4263 /* Debug */,
				15A1173620C728DD00CE4263 /* Release */,
			);
			defaultConfigurationIsVisible = 0;
			defaultConfigurationName = Release;
		};
		15A1173720C728DD00CE4263 /* Build configuration list for PBXNativeTarget "Navigo" */ = {
			isa = XCConfigurationList;
			buildConfigurations = (
				15A1173820C728DD00CE4263 /* Debug */,
				15A1173920C728DD00CE4263 /* Release */,
			);
			defaultConfigurationIsVisible = 0;
			defaultConfigurationName = Release;
		};
		15A1174D20C7292F00CE4263 /* Build configuration list for PBXNativeTarget "Demo" */ = {
			isa = XCConfigurationList;
			buildConfigurations = (
				15A1174E20C7292F00CE4263 /* Debug */,
				15A1174F20C7292F00CE4263 /* Release */,
			);
			defaultConfigurationIsVisible = 0;
			defaultConfigurationName = Release;
		};
/* End XCConfigurationList section */
	};
	rootObject = 15A1172620C728DD00CE4263 /* Project object */;
}
